
Microsoft Visual Studio Solution File, Format Version 12.00
# Visual Studio Version 17
VisualStudioVersion = 17.0.31903.59
MinimumVisualStudioVersion = 10.0.40219.1
Project("{2150E333-8FDC-42A3-9474-1A3956D46DE8}") = "src", "src", "{769E36D8-06C8-4F12-AE75-37C1A42A9A3E}"
EndProject
Project("{FAE04EC0-301F-11D3-BF4B-00C04F79EFBC}") = "CodeContext.Api", "src\CodeContext.Api\CodeContext.Api.csproj", "{E8515981-4F31-43F1-BB23-C25A4E93CE25}"
EndProject
Project("{FAE04EC0-301F-11D3-BF4B-00C04F79EFBC}") = "CodeContext.Core", "src\CodeContext.Core\CodeContext.Core.csproj", "{9114F964-BA00-48AF-A33D-E067537F8E0B}"
EndProject
Project("{2150E333-8FDC-42A3-9474-1A3956D46DE8}") = "tests", "tests", "{E80102B1-DE6C-4A97-8ABB-3F393401B7CD}"
EndProject
Project("{FAE04EC0-301F-11D3-BF4B-00C04F79EFBC}") = "CodeContext.Core.Tests", "tests\CodeContext.Core.Tests\CodeContext.Core.Tests.csproj", "{4028BF6A-A93C-498B-8BAF-263E21F5AC35}"
EndProject
EndProject
Project("{FAE04EC0-301F-11D3-BF4B-00C04F79EFBC}") = "CodeContext.Mcp", "src\CodeContext.Mcp\CodeContext.Mcp.csproj", "{FE89D8BA-BFB2-47FB-AB40-EEF6BE08F716}"
EndProject
Project("{FAE04EC0-301F-11D3-BF4B-00C04F79EFBC}") = "CodeContext.Parser.Protocol", "src\CodeContext.Parser.Protocol\CodeContext.Parser.Protocol.csproj", "{85E122F2-F73E-4666-B220-1428AB8F0E95}"
EndProject
Project("{FAE04EC0-301F-11D3-BF4B-00C04F79EFBC}") = "CodeContext.FakeWorker", "tests\CodeContext.FakeWorker\CodeContext.FakeWorker.csproj", "{373C1BA6-F189-4132-B29F-6B6F8D3F01A0}"
EndProject
Project("{FAE04EC0-301F-11D3-BF4B-00C04F79EFBC}") = "CodeContext.CSharp.Worker", "src\CodeContext.CSharp.Worker\CodeContext.CSharp.Worker.csproj", "{5DF82C93-F384-428A-8C95-96D3A7A3B0BE}"
EndProject
Global
	GlobalSection(SolutionConfigurationPlatforms) = preSolution
		Debug|Any CPU = Debug|Any CPU
		Debug|x64 = Debug|x64
		Debug|x86 = Debug|x86
		Release|Any CPU = Release|Any CPU
		Release|x64 = Release|x64
		Release|x86 = Release|x86
	EndGlobalSection
	GlobalSection(ProjectConfigurationPlatforms) = postSolution
		{E8515981-4F31-43F1-BB23-C25A4E93CE25}.Debug|Any CPU.ActiveCfg = Debug|Any CPU
		{E8515981-4F31-43F1-BB23-C25A4E93CE25}.Debug|Any CPU.Build.0 = Debug|Any CPU
		{E8515981-4F31-43F1-BB23-C25A4E93CE25}.Debug|x64.ActiveCfg = Debug|Any CPU
		{E8515981-4F31-43F1-BB23-C25A4E93CE25}.Debug|x64.Build.0 = Debug|Any CPU
		{E8515981-4F31-43F1-BB23-C25A4E93CE25}.Debug|x86.ActiveCfg = Debug|Any CPU
		{E8515981-4F31-43F1-BB23-C25A4E93CE25}.Debug|x86.Build.0 = Debug|Any CPU
		{E8515981-4F31-43F1-BB23-C25A4E93CE25}.Release|Any CPU.ActiveCfg = Release|Any CPU
		{E8515981-4F31-43F1-BB23-C25A4E93CE25}.Release|Any CPU.Build.0 = Release|Any CPU
		{E8515981-4F31-43F1-BB23-C25A4E93CE25}.Release|x64.ActiveCfg = Release|Any CPU
		{E8515981-4F31-43F1-BB23-C25A4E93CE25}.Release|x64.Build.0 = Release|Any CPU
		{E8515981-4F31-43F1-BB23-C25A4E93CE25}.Release|x86.ActiveCfg = Release|Any CPU
		{E8515981-4F31-43F1-BB23-C25A4E93CE25}.Release|x86.Build.0 = Release|Any CPU
		{9114F964-BA00-48AF-A33D-E067537F8E0B}.Debug|Any CPU.ActiveCfg = Debug|Any CPU
		{9114F964-BA00-48AF-A33D-E067537F8E0B}.Debug|Any CPU.Build.0 = Debug|Any CPU
		{9114F964-BA00-48AF-A33D-E067537F8E0B}.Debug|x64.ActiveCfg = Debug|Any CPU
		{9114F964-BA00-48AF-A33D-E067537F8E0B}.Debug|x64.Build.0 = Debug|Any CPU
		{9114F964-BA00-48AF-A33D-E067537F8E0B}.Debug|x86.ActiveCfg = Debug|Any CPU
		{9114F964-BA00-48AF-A33D-E067537F8E0B}.Debug|x86.Build.0 = Debug|Any CPU
		{9114F964-BA00-48AF-A33D-E067537F8E0B}.Release|Any CPU.ActiveCfg = Release|Any CPU
		{9114F964-BA00-48AF-A33D-E067537F8E0B}.Release|Any CPU.Build.0 = Release|Any CPU
		{9114F964-BA00-48AF-A33D-E067537F8E0B}.Release|x64.ActiveCfg = Release|Any CPU
		{9114F964-BA00-48AF-A33D-E067537F8E0B}.Release|x64.Build.0 = Release|Any CPU
		{9114F964-BA00-48AF-A33D-E067537F8E0B}.Release|x86.ActiveCfg = Release|Any CPU
		{9114F964-BA00-48AF-A33D-E067537F8E0B}.Release|x86.Build.0 = Release|Any CPU
		{4028BF6A-A93C-498B-8BAF-263E21F5AC35}.Debug|Any CPU.ActiveCfg = Debug|Any CPU
		{4028BF6A-A93C-498B-8BAF-263E21F5AC35}.Debug|Any CPU.Build.0 = Debug|Any CPU
		{4028BF6A-A93C-498B-8BAF-263E21F5AC35}.Debug|x64.ActiveCfg = Debug|Any CPU
		{4028BF6A-A93C-498B-8BAF-263E21F5AC35}.Debug|x64.Build.0 = Debug|Any CPU
		{4028BF6A-A93C-498B-8BAF-263E21F5AC35}.Debug|x86.ActiveCfg = Debug|Any CPU
		{4028BF6A-A93C-498B-8BAF-263E21F5AC35}.Debug|x86.Build.0 = Debug|Any CPU
		{4028BF6A-A93C-498B-8BAF-263E21F5AC35}.Release|Any CPU.ActiveCfg = Release|Any CPU
		{4028BF6A-A93C-498B-8BAF-263E21F5AC35}.Release|Any CPU.Build.0 = Release|Any CPU
		{4028BF6A-A93C-498B-8BAF-263E21F5AC35}.Release|x64.ActiveCfg = Release|Any CPU
		{4028BF6A-A93C-498B-8BAF-263E21F5AC35}.Release|x64.Build.0 = Release|Any CPU
		{4028BF6A-A93C-498B-8BAF-263E21F5AC35}.Release|x86.ActiveCfg = Release|Any CPU
		{4028BF6A-A93C-498B-8BAF-263E21F5AC35}.Release|x86.Build.0 = Release|Any CPU
		{FE89D8BA-BFB2-47FB-AB40-EEF6BE08F716}.Debug|Any CPU.ActiveCfg = Debug|Any CPU
		{FE89D8BA-BFB2-47FB-AB40-EEF6BE08F716}.Debug|Any CPU.Build.0 = Debug|Any CPU
		{FE89D8BA-BFB2-47FB-AB40-EEF6BE08F716}.Debug|x64.ActiveCfg = Debug|Any CPU
		{FE89D8BA-BFB2-47FB-AB40-EEF6BE08F716}.Debug|x64.Build.0 = Debug|Any CPU
		{FE89D8BA-BFB2-47FB-AB40-EEF6BE08F716}.Debug|x86.ActiveCfg = Debug|Any CPU
		{FE89D8BA-BFB2-47FB-AB40-EEF6BE08F716}.Debug|x86.Build.0 = Debug|Any CPU
		{FE89D8BA-BFB2-47FB-AB40-EEF6BE08F716}.Release|Any CPU.ActiveCfg = Release|Any CPU
		{FE89D8BA-BFB2-47FB-AB40-EEF6BE08F716}.Release|Any CPU.Build.0 = Release|Any CPU
		{FE89D8BA-BFB2-47FB-AB40-EEF6BE08F716}.Release|x64.ActiveCfg = Release|Any CPU
		{FE89D8BA-BFB2-47FB-AB40-EEF6BE08F716}.Release|x64.Build.0 = Release|Any CPU
		{FE89D8BA-BFB2-47FB-AB40-EEF6BE08F716}.Release|x86.ActiveCfg = Release|Any CPU
		{FE89D8BA-BFB2-47FB-AB40-EEF6BE08F716}.Release|x86.Build.0 = Release|Any CPU
		{85E122F2-F73E-4666-B220-1428AB8F0E95}.Debug|Any CPU.ActiveCfg = Debug|Any CPU
		{85E122F2-F73E-4666-B220-1428AB8F0E95}.Debug|Any CPU.Build.0 = Debug|Any CPU
		{85E122F2-F73E-4666-B220-1428AB8F0E95}.Debug|x64.ActiveCfg = Debug|Any CPU
		{85E122F2-F73E-4666-B220-1428AB8F0E95}.Debug|x64.Build.0 = Debug|Any CPU
		{85E122F2-F73E-4666-B220-1428AB8F0E95}.Debug|x86.ActiveCfg = Debug|Any CPU
		{85E122F2-F73E-4666-B220-1428AB8F0E95}.Debug|x86.Build.0 = Debug|Any CPU
		{85E122F2-F73E-4666-B220-1428AB8F0E95}.Release|Any CPU.ActiveCfg = Release|Any CPU
		{85E122F2-F73E-4666-B220-1428AB8F0E95}.Release|Any CPU.Build.0 = Release|Any CPU
		{85E122F2-F73E-4666-B220-1428AB8F0E95}.Release|x64.ActiveCfg = Release|Any CPU
		{85E122F2-F73E-4666-B220-1428AB8F0E95}.Release|x64.Build.0 = Release|Any CPU
		{85E122F2-F73E-4666-B220-1428AB8F0E95}.Release|x86.ActiveCfg = Release|Any CPU
		{85E122F2-F73E-4666-B220-1428AB8F0E95}.Release|x86.Build.0 = Release|Any CPU
		{373C1BA6-F189-4132-B29F-6B6F8D3F01A0}.Debug|Any CPU.ActiveCfg = Debug|Any CPU
		{373C1BA6-F189-4132-B29F-6B6F8D3F01A0}.Debug|Any CPU.Build.0 = Debug|Any CPU
		{373C1BA6-F189-4132-B29F-6B6F8D3F01A0}.Debug|x64.ActiveCfg = Debug|Any CPU
		{373C1BA6-F189-4132-B29F-6B6F8D3F01A0}.Debug|x64.Build.0 = Debug|Any CPU
		{373C1BA6-F189-4132-B29F-6B6F8D3F01A0}.Debug|x86.ActiveCfg = Debug|Any CPU
		{373C1BA6-F189-4132-B29F-6B6F8D3F01A0}.Debug|x86.Build.0 = Debug|Any CPU
		{373C1BA6-F189-4132-B29F-6B6F8D3F01A0}.Release|Any CPU.ActiveCfg = Release|Any CPU
		{373C1BA6-F189-4132-B29F-6B6F8D3F01A0}.Release|Any CPU.Build.0 = Release|Any CPU
		{373C1BA6-F189-4132-B29F-6B6F8D3F01A0}.Release|x64.ActiveCfg = Release|Any CPU
		{373C1BA6-F189-4132-B29F-6B6F8D3F01A0}.Release|x64.Build.0 = Release|Any CPU
		{373C1BA6-F189-4132-B29F-6B6F8D3F01A0}.Release|x86.ActiveCfg = Release|Any CPU
		{373C1BA6-F189-4132-B29F-6B6F8D3F01A0}.Release|x86.Build.0 = Release|Any CPU
		{5DF82C93-F384-428A-8C95-96D3A7A3B0BE}.Debug|Any CPU.ActiveCfg = Debug|Any CPU
		{5DF82C93-F384-428A-8C95-96D3A7A3B0BE}.Debug|Any CPU.Build.0 = Debug|Any CPU
		{5DF82C93-F384-428A-8C95-96D3A7A3B0BE}.Debug|x64.ActiveCfg = Debug|Any CPU
		{5DF82C93-F384-428A-8C95-96D3A7A3B0BE}.Debug|x64.Build.0 = Debug|Any CPU
		{5DF82C93-F384-428A-8C95-96D3A7A3B0BE}.Debug|x86.ActiveCfg = Debug|Any CPU
		{5DF82C93-F384-428A-8C95-96D3A7A3B0BE}.Debug|x86.Build.0 = Debug|Any CPU
		{5DF82C93-F384-428A-8C95-96D3A7A3B0BE}.Release|Any CPU.ActiveCfg = Release|Any CPU
		{5DF82C93-F384-428A-8C95-96D3A7A3B0BE}.Release|Any CPU.Build.0 = Release|Any CPU
		{5DF82C93-F384-428A-8C95-96D3A7A3B0BE}.Release|x64.ActiveCfg = Release|Any CPU
		{5DF82C93-F384-428A-8C95-96D3A7A3B0BE}.Release|x64.Build.0 = Release|Any CPU
		{5DF82C93-F384-428A-8C95-96D3A7A3B0BE}.Release|x86.ActiveCfg = Release|Any CPU
		{5DF82C93-F384-428A-8C95-96D3A7A3B0BE}.Release|x86.Build.0 = Release|Any CPU
	EndGlobalSection
	GlobalSection(SolutionProperties) = preSolution
		HideSolutionNode = FALSE
	EndGlobalSection
	GlobalSection(NestedProjects) = preSolution
		{E8515981-4F31-43F1-BB23-C25A4E93CE25} = {769E36D8-06C8-4F12-AE75-37C1A42A9A3E}
		{9114F964-BA00-48AF-A33D-E067537F8E0B} = {769E36D8-06C8-4F12-AE75-37C1A42A9A3E}
		{4028BF6A-A93C-498B-8BAF-263E21F5AC35} = {E80102B1-DE6C-4A97-8ABB-3F393401B7CD}
		{FE89D8BA-BFB2-47FB-AB40-EEF6BE08F716} = {769E36D8-06C8-4F12-AE75-37C1A42A9A3E}
		{85E122F2-F73E-4666-B220-1428AB8F0E95} = {769E36D8-06C8-4F12-AE75-37C1A42A9A3E}
		{373C1BA6-F189-4132-B29F-6B6F8D3F01A0} = {E80102B1-DE6C-4A97-8ABB-3F393401B7CD}
		{5DF82C93-F384-428A-8C95-96D3A7A3B0BE} = {769E36D8-06C8-4F12-AE75-37C1A42A9A3E}
	EndGlobalSection
EndGlobal
