version = 1
revision = 2
requires-python = ">=3.12"

[[package]]
name = "codecontext-python-kuzu"
version = "0.1.0"
source = { virtual = "." }
dependencies = [
    { name = "kuzu" },
]

[package.metadata]
requires-dist = [{ name = "kuzu", specifier = ">=0.10.1" }]

[[package]]
name = "kuzu"
version = "0.10.1"
source = { registry = "https://pypi.org/simple" }
sdist = { url = "https://files.pythonhosted.org/packages/b6/07/57b34a7ef11e421ed8a610d6c52b86501077666ddaa506d0f382da17727f/kuzu-0.10.1.tar.gz", hash = "sha256:f45aa05e1a19e6ab4dc02c1239d70a180f8ba73971a2babacd15668e0673e4a4", size = 4856334, upload-time = "2025-06-27T06:58:06.225Z" }
wheels = [
    { url = "https://files.pythonhosted.org/packages/5a/48/68069c0a4b4a6f38795d0831d3d7a4c1faeb7f3e7cd6f81e68d077029ecc/kuzu-0.10.1-cp312-cp312-macosx_11_0_arm64.whl", hash = "sha256:ffdc24218b94d444f872deb8625a72df70e141c4080132f5d23eef4ad5904b27", size = 3687775, upload-time = "2025-06-27T06:57:17.926Z" },
    { url = "https://files.pythonhosted.org/packages/a1/eb/05564aa8a7607487a75b7960dcf5e2c4decb577593e03c34aad8a78ab93a/kuzu-0.10.1-cp312-cp312-macosx_11_0_x86_64.whl", hash = "sha256:f572f322d2ffe145511c2bcf6df7ba2170a08368341cbea1812610cafcb04931", size = 4151602, upload-time = "2025-06-27T06:57:19.606Z" },
    { url = "https://files.pythonhosted.org/packages/e9/cf/4875fe776c950b1428d663ccf1e2e027628e171f8b5416bee2facd09a734/kuzu-0.10.1-cp312-cp312-manylinux_2_27_aarch64.manylinux_2_28_aarch64.whl", hash = "sha256:a864cc7fea50585cc4285b118c7cc6591835cc03f72b4eb3fb6dfc46502f5ba3", size = 6097739, upload-time = "2025-06-27T06:57:21.581Z" },
    { url = "https://files.pythonhosted.org/packages/bf/ba/ce9302508a4ee1a53f1a6666a22abf653eb1b63d352e4b0ff350e1d0e0f1/kuzu-0.10.1-cp312-cp312-manylinux_2_27_x86_64.manylinux_2_28_x86_64.whl", hash = "sha256:917366d4e5c65fdae7449e4546aeb520f7d50ec2dd8ec3191b0f8be9003d6061", size = 6893053, upload-time = "2025-06-27T06:57:23.603Z" },
    { url = "https://files.pythonhosted.org/packages/3a/d1/aad1c8751745ebd14776b59ca8bd853664a1d2d092697f2c05cdd9fd5602/kuzu-0.10.1-cp312-cp312-win_amd64.whl", hash = "sha256:b9607cdc0c2fb2df0a49b7708eb6bd6032dc4ba893c5335990b9256ca31a3e82", size = 4214043, upload-time = "2025-06-27T06:57:25.264Z" },
    { url = "https://files.pythonhosted.org/packages/c9/49/068889d812965512badeb8e2e0415b6b3fc8593b056c343ee01465b1faf7/kuzu-0.10.1-cp313-cp313-macosx_11_0_arm64.whl", hash = "sha256:1fd4993683bc3c7d4db37450b72fa5f070251741bcb41dafeb866d39e66c50bc", size = 3687840, upload-time = "2025-06-27T06:57:26.997Z" },
    { url = "https://files.pythonhosted.org/packages/15/3a/dc84dcdff5a80f524c809fbe9de07fd0f5e4fb9f5f530a3f7aa3485c586d/kuzu-0.10.1-cp313-cp313-macosx_11_0_x86_64.whl", hash = "sha256:bed8efd36b7b86f43949b5d1aca42e3ef7a77269ee1bee424ef5795d6fa56e41", size = 4151490, upload-time = "2025-06-27T06:57:28.644Z" },
    { url = "https://files.pythonhosted.org/packages/9a/f2/f5a6a2d23c2fc3d2cd8d0ec33639d6dfa66852d66becbc0b046f8df2a9eb/kuzu-0.10.1-cp313-cp313-manylinux_2_27_aarch64.manylinux_2_28_aarch64.whl", hash = "sha256:99d66c554678b7819cf32847a7429ef93e8dda7c7af2c3f84d550126523f429f", size = 6097518, upload-time = "2025-06-27T06:57:30.709Z" },
    { url = "https://files.pythonhosted.org/packages/26/6e/6de20c949e0dedc341166622218f5129bf98c5e4e9b73795bfd557f84fd0/kuzu-0.10.1-cp313-cp313-manylinux_2_27_x86_64.manylinux_2_28_x86_64.whl", hash = "sha256:107ea216cae952f7efa6a919aac24fcc9add2ae4e20011f4b50970753b3b7f61", size = 6892771, upload-time = "2025-06-27T06:57:32.434Z" },
    { url = "https://files.pythonhosted.org/packages/4e/41/c1aa1246899c028c98d6db7db94150787bc9a7537132d9bc64146b3a1bef/kuzu-0.10.1-cp313-cp313-win_amd64.whl", hash = "sha256:b5ed08c8acaf41b5f1d40e22937cb2d3e0832b6ef1cf1014ece21a0ebe9c03eb", size = 4214094, upload-time = "2025-06-27T06:57:34.09Z" },
    { url = "https://files.pythonhosted.org/packages/19/b7/f4bef6516801dac0e8e30b45b50de0a048ac85cc79cdb4cd8909293d16b8/kuzu-0.10.1-cp313-cp313t-manylinux_2_27_aarch64.manylinux_2_28_aarch64.whl", hash = "sha256:f1d60792b29a53d3c8defee31930f74c9b9e2fe4406cb33f33f6f08cbbf65dcf", size = 6101052, upload-time = "2025-06-27T06:57:35.743Z" },
    { url = "https://files.pythonhosted.org/packages/81/91/47407addc35cf0802399c94522df5c1685d2e1e9994a5fa193c13a004460/kuzu-0.10.1-cp313-cp313t-manylinux_2_27_x86_64.manylinux_2_28_x86_64.whl", hash = "sha256:ec80822a36b34860a0955d36037d2047db853544d9eb43c4a6d7026900c007a8", size = 6897341, upload-time = "2025-06-27T06:57:38.128Z" },
]
